# This file is automatically @generated by Cargo.
# It is not intended for manual editing.
version = 3

[[package]]
name = "ilog"
version = "0.1.4"
source = "registry+https://github.com/rust-lang/crates.io-index"
checksum = "797785b5efbe2d29291265ed1eb4b71b52ab4b929e726bd04c4c625f4036e653"

[[package]]
name = "mod11"
version = "0.1.0"
dependencies = [
 "ilog",
]
